// !$*UTF8*$!
{
	archiveVersion = 1;
	classes = {
	};
	objectVersion = 46;
	objects = {

/* Begin PBXBuildFile section */
		50785C3E1CBCF2A800467F87 /* AppDelegate.swift in Sources */ = {isa = PBXBuildFile; fileRef = 50785C3D1CBCF2A800467F87 /* AppDelegate.swift */; };
		50785C401CBCF2A800467F87 /* ViewController.swift in Sources */ = {isa = PBXBuildFile; fileRef = 50785C3F1CBCF2A800467F87 /* ViewController.swift */; };
		50785C451CBCF2A800467F87 /* Assets.xcassets in Resources */ = {isa = PBXBuildFile; fileRef = 50785C441CBCF2A800467F87 /* Assets.xcassets */; };
		50785C481CBCF2A800467F87 /* LaunchScreen.storyboard in Resources */ = {isa = PBXBuildFile; fileRef = 50785C461CBCF2A800467F87 /* LaunchScreen.storyboard */; };
		50785C531CBCF2A800467F87 /* NKTests.swift in Sources */ = {isa = PBXBuildFile; fileRef = 50785C521CBCF2A800467F87 /* NKTests.swift */; };
		50785C5E1CBCF2A800467F87 /* NKUITests.swift in Sources */ = {isa = PBXBuildFile; fileRef = 50785C5D1CBCF2A800467F87 /* NKUITests.swift */; };
		7D3AE4BF1CC61DEE001CBFE5 /* AViewController.swift in Sources */ = {isa = PBXBuildFile; fileRef = 7D3AE4BD1CC61DEE001CBFE5 /* AViewController.swift */; };
		7D3AE4C01CC61DEE001CBFE5 /* MoViewController.swift in Sources */ = {isa = PBXBuildFile; fileRef = 7D3AE4BE1CC61DEE001CBFE5 /* MoViewController.swift */; };
		7D56A9921CC7BCDF006CAAF5 /* KViewController.swift in Sources */ = {isa = PBXBuildFile; fileRef = 7D56A9911CC7BCDF006CAAF5 /* KViewController.swift */; };
		7D56A9961CC8E21E006CAAF5 /* Main.storyboard in Resources */ = {isa = PBXBuildFile; fileRef = 7D56A9951CC8E21E006CAAF5 /* Main.storyboard */; };
		7D56A9981CC8EB38006CAAF5 /* MoMdpViewController.swift in Sources */ = {isa = PBXBuildFile; fileRef = 7D56A9971CC8EB38006CAAF5 /* MoMdpViewController.swift */; };
		7D56A99E1CC92C43006CAAF5 /* produits.swift in Sources */ = {isa = PBXBuildFile; fileRef = 7D56A99D1CC92C43006CAAF5 /* produits.swift */; };
		7D7543AF1CBE31C600A3CEF4 /* accessoires in Resources */ = {isa = PBXBuildFile; fileRef = 7D7543A01CBE31C500A3CEF4 /* accessoires */; };
		7D7543B01CBE31C600A3CEF4 /* AppIcon.appiconset in Resources */ = {isa = PBXBuildFile; fileRef = 7D7543A11CBE31C500A3CEF4 /* AppIcon.appiconset */; };
		7D7543B11CBE31C600A3CEF4 /* bag.imageset in Resources */ = {isa = PBXBuildFile; fileRef = 7D7543A21CBE31C500A3CEF4 /* bag.imageset */; };
		7D7543B21CBE31C600A3CEF4 /* bas.imageset in Resources */ = {isa = PBXBuildFile; fileRef = 7D7543A31CBE31C500A3CEF4 /* bas.imageset */; };
		7D7543B31CBE31C600A3CEF4 /* closed.imageset in Resources */ = {isa = PBXBuildFile; fileRef = 7D7543A41CBE31C500A3CEF4 /* closed.imageset */; };
		7D7543B41CBE31C600A3CEF4 /* Contents.json in Resources */ = {isa = PBXBuildFile; fileRef = 7D7543A51CBE31C500A3CEF4 /* Contents.json */; };
		7D7543B51CBE31C600A3CEF4 /* haut.imageset in Resources */ = {isa = PBXBuildFile; fileRef = 7D7543A61CBE31C500A3CEF4 /* haut.imageset */; };
		7D7543B61CBE31C600A3CEF4 /* log-in.imageset in Resources */ = {isa = PBXBuildFile; fileRef = 7D7543A71CBE31C500A3CEF4 /* log-in.imageset */; };
		7D7543B71CBE31C600A3CEF4 /* logo-nk.imageset in Resources */ = {isa = PBXBuildFile; fileRef = 7D7543A81CBE31C500A3CEF4 /* logo-nk.imageset */; };
		7D7543B81CBE31C600A3CEF4 /* pantalons in Resources */ = {isa = PBXBuildFile; fileRef = 7D7543A91CBE31C600A3CEF4 /* pantalons */; };
		7D7543B91CBE31C600A3CEF4 /* products.imageset in Resources */ = {isa = PBXBuildFile; fileRef = 7D7543AA1CBE31C600A3CEF4 /* products.imageset */; };
		7D7543BA1CBE31C600A3CEF4 /* pulls-et-gilets in Resources */ = {isa = PBXBuildFile; fileRef = 7D7543AB1CBE31C600A3CEF4 /* pulls-et-gilets */; };
		7D7543BB1CBE31C600A3CEF4 /* robes-et-jupes in Resources */ = {isa = PBXBuildFile; fileRef = 7D7543AC1CBE31C600A3CEF4 /* robes-et-jupes */; };
		7D7543BC1CBE31C600A3CEF4 /* shop.imageset in Resources */ = {isa = PBXBuildFile; fileRef = 7D7543AD1CBE31C600A3CEF4 /* shop.imageset */; };
		7D7543BD1CBE31C600A3CEF4 /* tops-et-chemisiers in Resources */ = {isa = PBXBuildFile; fileRef = 7D7543AE1CBE31C600A3CEF4 /* tops-et-chemisiers */; };
		7D95D8DA1CC532A600D08DB2 /* Images in Resources */ = {isa = PBXBuildFile; fileRef = 7D95D8D91CC532A600D08DB2 /* Images */; };
		7D9A25F31CC61C3300A1AC66 /* RViewController.swift in Sources */ = {isa = PBXBuildFile; fileRef = 7D9A25F21CC61C3300A1AC66 /* RViewController.swift */; };
		7D9A25F51CC61C5800A1AC66 /* LViewController.swift in Sources */ = {isa = PBXBuildFile; fileRef = 7D9A25F41CC61C5800A1AC66 /* LViewController.swift */; };
		C328FB9B1CC94F5F00F61C50 /* Candy.swift in Sources */ = {isa = PBXBuildFile; fileRef = C328FB9A1CC94F5F00F61C50 /* Candy.swift */; };
		C328FB9D1CC94F6B00F61C50 /* MasterViewController.swift in Sources */ = {isa = PBXBuildFile; fileRef = C328FB9C1CC94F6B00F61C50 /* MasterViewController.swift */; };
		C328FB9F1CC94F7700F61C50 /* DetailViewController.swift in Sources */ = {isa = PBXBuildFile; fileRef = C328FB9E1CC94F7700F61C50 /* DetailViewController.swift */; };
		C328FBA71CC9637300F61C50 /* tunique-beryl-1-1.jpg in Resources */ = {isa = PBXBuildFile; fileRef = C328FBA61CC9637300F61C50 /* tunique-beryl-1-1.jpg */; };
		C328FBB51CC96A0300F61C50 /* Accelerate.framework in Frameworks */ = {isa = PBXBuildFile; fileRef = C328FBAC1CC96A0300F61C50 /* Accelerate.framework */; };
		C328FBB61CC96A0300F61C50 /* AudioToolbox.framework in Frameworks */ = {isa = PBXBuildFile; fileRef = C328FBAD1CC96A0300F61C50 /* AudioToolbox.framework */; };
		C328FBB71CC96A0300F61C50 /* AVFoundation.framework in Frameworks */ = {isa = PBXBuildFile; fileRef = C328FBAE1CC96A0300F61C50 /* AVFoundation.framework */; };
		C328FBB81CC96A0300F61C50 /* CoreLocation.framework in Frameworks */ = {isa = PBXBuildFile; fileRef = C328FBAF1CC96A0300F61C50 /* CoreLocation.framework */; };
		C328FBB91CC96A0300F61C50 /* CoreMedia.framework in Frameworks */ = {isa = PBXBuildFile; fileRef = C328FBB01CC96A0300F61C50 /* CoreMedia.framework */; };
		C328FBBA1CC96A0300F61C50 /* MessageUI.framework in Frameworks */ = {isa = PBXBuildFile; fileRef = C328FBB11CC96A0300F61C50 /* MessageUI.framework */; };
		C328FBBB1CC96A0300F61C50 /* MobileCoreServices.framework in Frameworks */ = {isa = PBXBuildFile; fileRef = C328FBB21CC96A0300F61C50 /* MobileCoreServices.framework */; };
		C328FBBC1CC96A0300F61C50 /* SafariServices.framework in Frameworks */ = {isa = PBXBuildFile; fileRef = C328FBB31CC96A0300F61C50 /* SafariServices.framework */; };
		C328FBBD1CC96A0300F61C50 /* SystemConfiguration.framework in Frameworks */ = {isa = PBXBuildFile; fileRef = C328FBB41CC96A0300F61C50 /* SystemConfiguration.framework */; };
		C3D307D41CC972E200059812 /* pay.swift in Sources */ = {isa = PBXBuildFile; fileRef = C3D307D31CC972E100059812 /* pay.swift */; };
/* End PBXBuildFile section */

/* Begin PBXContainerItemProxy section */
		50785C4F1CBCF2A800467F87 /* PBXContainerItemProxy */ = {
			isa = PBXContainerItemProxy;
			containerPortal = 50785C321CBCF2A800467F87 /* Project object */;
			proxyType = 1;
			remoteGlobalIDString = 50785C391CBCF2A800467F87;
			remoteInfo = NK;
		};
		50785C5A1CBCF2A800467F87 /* PBXContainerItemProxy */ = {
			isa = PBXContainerItemProxy;
			containerPortal = 50785C321CBCF2A800467F87 /* Project object */;
			proxyType = 1;
			remoteGlobalIDString = 50785C391CBCF2A800467F87;
			remoteInfo = NK;
		};
/* End PBXContainerItemProxy section */

/* Begin PBXFileReference section */
		50785C3A1CBCF2A800467F87 /* NK.app */ = {isa = PBXFileReference; explicitFileType = wrapper.application; includeInIndex = 0; path = NK.app; sourceTree = BUILT_PRODUCTS_DIR; };
		50785C3D1CBCF2A800467F87 /* AppDelegate.swift */ = {isa = PBXFileReference; lastKnownFileType = sourcecode.swift; path = AppDelegate.swift; sourceTree = "<group>"; };
		50785C3F1CBCF2A800467F87 /* ViewController.swift */ = {isa = PBXFileReference; lastKnownFileType = sourcecode.swift; path = ViewController.swift; sourceTree = "<group>"; };
		50785C441CBCF2A800467F87 /* Assets.xcassets */ = {isa = PBXFileReference; lastKnownFileType = folder.assetcatalog; path = Assets.xcassets; sourceTree = "<group>"; };
		50785C471CBCF2A800467F87 /* Base */ = {isa = PBXFileReference; lastKnownFileType = file.storyboard; name = Base; path = Base.lproj/LaunchScreen.storyboard; sourceTree = "<group>"; };
		50785C491CBCF2A800467F87 /* Info.plist */ = {isa = PBXFileReference; lastKnownFileType = text.plist.xml; path = Info.plist; sourceTree = "<group>"; };
		50785C4E1CBCF2A800467F87 /* NKTests.xctest */ = {isa = PBXFileReference; explicitFileType = wrapper.cfbundle; includeInIndex = 0; path = NKTests.xctest; sourceTree = BUILT_PRODUCTS_DIR; };
		50785C521CBCF2A800467F87 /* NKTests.swift */ = {isa = PBXFileReference; lastKnownFileType = sourcecode.swift; path = NKTests.swift; sourceTree = "<group>"; };
		50785C541CBCF2A800467F87 /* Info.plist */ = {isa = PBXFileReference; lastKnownFileType = text.plist.xml; path = Info.plist; sourceTree = "<group>"; };
		50785C591CBCF2A800467F87 /* NKUITests.xctest */ = {isa = PBXFileReference; explicitFileType = wrapper.cfbundle; includeInIndex = 0; path = NKUITests.xctest; sourceTree = BUILT_PRODUCTS_DIR; };
		50785C5D1CBCF2A800467F87 /* NKUITests.swift */ = {isa = PBXFileReference; lastKnownFileType = sourcecode.swift; path = NKUITests.swift; sourceTree = "<group>"; };
		50785C5F1CBCF2A800467F87 /* Info.plist */ = {isa = PBXFileReference; lastKnownFileType = text.plist.xml; path = Info.plist; sourceTree = "<group>"; };
		7D3AE4BD1CC61DEE001CBFE5 /* AViewController.swift */ = {isa = PBXFileReference; fileEncoding = 4; lastKnownFileType = sourcecode.swift; path = AViewController.swift; sourceTree = "<group>"; };
		7D3AE4BE1CC61DEE001CBFE5 /* MoViewController.swift */ = {isa = PBXFileReference; fileEncoding = 4; lastKnownFileType = sourcecode.swift; path = MoViewController.swift; sourceTree = "<group>"; };
		7D56A9911CC7BCDF006CAAF5 /* KViewController.swift */ = {isa = PBXFileReference; fileEncoding = 4; lastKnownFileType = sourcecode.swift; path = KViewController.swift; sourceTree = "<group>"; };
		7D56A9951CC8E21E006CAAF5 /* Main.storyboard */ = {isa = PBXFileReference; fileEncoding = 4; lastKnownFileType = file.storyboard; path = Main.storyboard; sourceTree = "<group>"; };
		7D56A9971CC8EB38006CAAF5 /* MoMdpViewController.swift */ = {isa = PBXFileReference; fileEncoding = 4; lastKnownFileType = sourcecode.swift; path = MoMdpViewController.swift; sourceTree = "<group>"; };
		7D56A99D1CC92C43006CAAF5 /* produits.swift */ = {isa = PBXFileReference; fileEncoding = 4; lastKnownFileType = sourcecode.swift; path = produits.swift; sourceTree = "<group>"; };
		7D7543A01CBE31C500A3CEF4 /* accessoires */ = {isa = PBXFileReference; lastKnownFileType = folder; name = accessoires; path = Assets.xcassets/accessoires; sourceTree = "<group>"; };
		7D7543A11CBE31C500A3CEF4 /* AppIcon.appiconset */ = {isa = PBXFileReference; lastKnownFileType = folder; name = AppIcon.appiconset; path = Assets.xcassets/AppIcon.appiconset; sourceTree = "<group>"; };
		7D7543A21CBE31C500A3CEF4 /* bag.imageset */ = {isa = PBXFileReference; lastKnownFileType = folder; name = bag.imageset; path = Assets.xcassets/bag.imageset; sourceTree = "<group>"; };
		7D7543A31CBE31C500A3CEF4 /* bas.imageset */ = {isa = PBXFileReference; lastKnownFileType = folder; name = bas.imageset; path = Assets.xcassets/bas.imageset; sourceTree = "<group>"; };
		7D7543A41CBE31C500A3CEF4 /* closed.imageset */ = {isa = PBXFileReference; lastKnownFileType = folder; name = closed.imageset; path = Assets.xcassets/closed.imageset; sourceTree = "<group>"; };
		7D7543A51CBE31C500A3CEF4 /* Contents.json */ = {isa = PBXFileReference; fileEncoding = 4; lastKnownFileType = text.json; name = Contents.json; path = Assets.xcassets/Contents.json; sourceTree = "<group>"; };
		7D7543A61CBE31C500A3CEF4 /* haut.imageset */ = {isa = PBXFileReference; lastKnownFileType = folder; name = haut.imageset; path = Assets.xcassets/haut.imageset; sourceTree = "<group>"; };
		7D7543A71CBE31C500A3CEF4 /* log-in.imageset */ = {isa = PBXFileReference; lastKnownFileType = folder; name = "log-in.imageset"; path = "Assets.xcassets/log-in.imageset"; sourceTree = "<group>"; };
		7D7543A81CBE31C500A3CEF4 /* logo-nk.imageset */ = {isa = PBXFileReference; lastKnownFileType = folder; name = "logo-nk.imageset"; path = "Assets.xcassets/logo-nk.imageset"; sourceTree = "<group>"; };
		7D7543A91CBE31C600A3CEF4 /* pantalons */ = {isa = PBXFileReference; lastKnownFileType = folder; name = pantalons; path = Assets.xcassets/pantalons; sourceTree = "<group>"; };
		7D7543AA1CBE31C600A3CEF4 /* products.imageset */ = {isa = PBXFileReference; lastKnownFileType = folder; name = products.imageset; path = Assets.xcassets/products.imageset; sourceTree = "<group>"; };
		7D7543AB1CBE31C600A3CEF4 /* pulls-et-gilets */ = {isa = PBXFileReference; lastKnownFileType = folder; name = "pulls-et-gilets"; path = "Assets.xcassets/pulls-et-gilets"; sourceTree = "<group>"; };
		7D7543AC1CBE31C600A3CEF4 /* robes-et-jupes */ = {isa = PBXFileReference; lastKnownFileType = folder; name = "robes-et-jupes"; path = "Assets.xcassets/robes-et-jupes"; sourceTree = "<group>"; };
		7D7543AD1CBE31C600A3CEF4 /* shop.imageset */ = {isa = PBXFileReference; lastKnownFileType = folder; name = shop.imageset; path = Assets.xcassets/shop.imageset; sourceTree = "<group>"; };
		7D7543AE1CBE31C600A3CEF4 /* tops-et-chemisiers */ = {isa = PBXFileReference; lastKnownFileType = folder; name = "tops-et-chemisiers"; path = "Assets.xcassets/tops-et-chemisiers"; sourceTree = "<group>"; };
		7D95D8D91CC532A600D08DB2 /* Images */ = {isa = PBXFileReference; lastKnownFileType = folder; path = Images; sourceTree = "<group>"; };
		7D9A25F21CC61C3300A1AC66 /* RViewController.swift */ = {isa = PBXFileReference; fileEncoding = 4; lastKnownFileType = sourcecode.swift; path = RViewController.swift; sourceTree = "<group>"; };
		7D9A25F41CC61C5800A1AC66 /* LViewController.swift */ = {isa = PBXFileReference; fileEncoding = 4; lastKnownFileType = sourcecode.swift; path = LViewController.swift; sourceTree = "<group>"; };
		C328FB9A1CC94F5F00F61C50 /* Candy.swift */ = {isa = PBXFileReference; fileEncoding = 4; lastKnownFileType = sourcecode.swift; name = Candy.swift; path = "../../Seaarch 2/CandySearch/Candy.swift"; sourceTree = "<group>"; };
		C328FB9C1CC94F6B00F61C50 /* MasterViewController.swift */ = {isa = PBXFileReference; fileEncoding = 4; lastKnownFileType = sourcecode.swift; name = MasterViewController.swift; path = "../../Seaarch 2/CandySearch/MasterViewController.swift"; sourceTree = "<group>"; };
		C328FB9E1CC94F7700F61C50 /* DetailViewController.swift */ = {isa = PBXFileReference; fileEncoding = 4; lastKnownFileType = sourcecode.swift; name = DetailViewController.swift; path = "../../Seaarch 2/CandySearch/DetailViewController.swift"; sourceTree = "<group>"; };
		C328FBA61CC9637300F61C50 /* tunique-beryl-1-1.jpg */ = {isa = PBXFileReference; lastKnownFileType = image.jpeg; name = "tunique-beryl-1-1.jpg"; path = "Assets.xcassets/tops-et-chemisiers/Tunique Beryl-1.imageset/tunique-beryl-1-1.jpg"; sourceTree = "<group>"; };
		C328FBAC1CC96A0300F61C50 /* Accelerate.framework */ = {isa = PBXFileReference; lastKnownFileType = wrapper.framework; name = Accelerate.framework; path = System/Library/Frameworks/Accelerate.framework; sourceTree = SDKROOT; };
		C328FBAD1CC96A0300F61C50 /* AudioToolbox.framework */ = {isa = PBXFileReference; lastKnownFileType = wrapper.framework; name = AudioToolbox.framework; path = System/Library/Frameworks/AudioToolbox.framework; sourceTree = SDKROOT; };
		C328FBAE1CC96A0300F61C50 /* AVFoundation.framework */ = {isa = PBXFileReference; lastKnownFileType = wrapper.framework; name = AVFoundation.framework; path = System/Library/Frameworks/AVFoundation.framework; sourceTree = SDKROOT; };
		C328FBAF1CC96A0300F61C50 /* CoreLocation.framework */ = {isa = PBXFileReference; lastKnownFileType = wrapper.framework; name = CoreLocation.framework; path = System/Library/Frameworks/CoreLocation.framework; sourceTree = SDKROOT; };
		C328FBB01CC96A0300F61C50 /* CoreMedia.framework */ = {isa = PBXFileReference; lastKnownFileType = wrapper.framework; name = CoreMedia.framework; path = System/Library/Frameworks/CoreMedia.framework; sourceTree = SDKROOT; };
		C328FBB11CC96A0300F61C50 /* MessageUI.framework */ = {isa = PBXFileReference; lastKnownFileType = wrapper.framework; name = MessageUI.framework; path = System/Library/Frameworks/MessageUI.framework; sourceTree = SDKROOT; };
		C328FBB21CC96A0300F61C50 /* MobileCoreServices.framework */ = {isa = PBXFileReference; lastKnownFileType = wrapper.framework; name = MobileCoreServices.framework; path = System/Library/Frameworks/MobileCoreServices.framework; sourceTree = SDKROOT; };
		C328FBB31CC96A0300F61C50 /* SafariServices.framework */ = {isa = PBXFileReference; lastKnownFileType = wrapper.framework; name = SafariServices.framework; path = System/Library/Frameworks/SafariServices.framework; sourceTree = SDKROOT; };
		C328FBB41CC96A0300F61C50 /* SystemConfiguration.framework */ = {isa = PBXFileReference; lastKnownFileType = wrapper.framework; name = SystemConfiguration.framework; path = System/Library/Frameworks/SystemConfiguration.framework; sourceTree = SDKROOT; };
		C3D307CB1CC9701900059812 /* NK-Bridging-Header.h */ = {isa = PBXFileReference; lastKnownFileType = sourcecode.c.h; name = "NK-Bridging-Header.h"; path = "../../ghnxcgj/NK-Bridging-Header.h"; sourceTree = "<group>"; };
		C3D307CC1CC9704C00059812 /* ZZAppDelegate.h */ = {isa = PBXFileReference; lastKnownFileType = sourcecode.c.h; name = ZZAppDelegate.h; path = ../ZZAppDelegate.h; sourceTree = "<group>"; };
		C3D307D31CC972E100059812 /* pay.swift */ = {isa = PBXFileReference; fileEncoding = 4; lastKnownFileType = sourcecode.swift; name = pay.swift; path = ../pay.swift; sourceTree = "<group>"; };
		EC73BFCEC44C791025768950 /* Pods-NK.debug.xcconfig */ = {isa = PBXFileReference; includeInIndex = 1; lastKnownFileType = text.xcconfig; name = "Pods-NK.debug.xcconfig"; path = "Pods/Target Support Files/Pods-NK/Pods-NK.debug.xcconfig"; sourceTree = "<group>"; };
		F30420AC6AC02C45F19F818D /* Pods-NK.release.xcconfig */ = {isa = PBXFileReference; includeInIndex = 1; lastKnownFileType = text.xcconfig; name = "Pods-NK.release.xcconfig"; path = "Pods/Target Support Files/Pods-NK/Pods-NK.release.xcconfig"; sourceTree = "<group>"; };
/* End PBXFileReference section */

/* Begin PBXFrameworksBuildPhase section */
		50785C371CBCF2A800467F87 /* Frameworks */ = {
			isa = PBXFrameworksBuildPhase;
			buildActionMask = 2147483647;
			files = (
				C328FBB51CC96A0300F61C50 /* Accelerate.framework in Frameworks */,
				C328FBB61CC96A0300F61C50 /* AudioToolbox.framework in Frameworks */,
				C328FBB71CC96A0300F61C50 /* AVFoundation.framework in Frameworks */,
				C328FBB81CC96A0300F61C50 /* CoreLocation.framework in Frameworks */,
				C328FBB91CC96A0300F61C50 /* CoreMedia.framework in Frameworks */,
				C328FBBA1CC96A0300F61C50 /* MessageUI.framework in Frameworks */,
				C328FBBB1CC96A0300F61C50 /* MobileCoreServices.framework in Frameworks */,
				C328FBBC1CC96A0300F61C50 /* SafariServices.framework in Frameworks */,
				C328FBBD1CC96A0300F61C50 /* SystemConfiguration.framework in Frameworks */,
			);
			runOnlyForDeploymentPostprocessing = 0;
		};
		50785C4B1CBCF2A800467F87 /* Frameworks */ = {
			isa = PBXFrameworksBuildPhase;
			buildActionMask = 2147483647;
			files = (
			);
			runOnlyForDeploymentPostprocessing = 0;
		};
		50785C561CBCF2A800467F87 /* Frameworks */ = {
			isa = PBXFrameworksBuildPhase;
			buildActionMask = 2147483647;
			files = (
			);
			runOnlyForDeploymentPostprocessing = 0;
		};
/* End PBXFrameworksBuildPhase section */

/* Begin PBXGroup section */
		2EC6AC6D41668D4CB3D82F4F /* Pods */ = {
			isa = PBXGroup;
			children = (
				EC73BFCEC44C791025768950 /* Pods-NK.debug.xcconfig */,
				F30420AC6AC02C45F19F818D /* Pods-NK.release.xcconfig */,
			);
			name = Pods;
			sourceTree = "<group>";
		};
		466AF6C668CAC0197D822940 /* Frameworks */ = {
			isa = PBXGroup;
			children = (
			);
			name = Frameworks;
			sourceTree = "<group>";
		};
		50785C311CBCF2A800467F87 = {
			isa = PBXGroup;
			children = (
				C328FBAC1CC96A0300F61C50 /* Accelerate.framework */,
				C328FBAD1CC96A0300F61C50 /* AudioToolbox.framework */,
				C328FBAE1CC96A0300F61C50 /* AVFoundation.framework */,
				C328FBAF1CC96A0300F61C50 /* CoreLocation.framework */,
				C328FBB01CC96A0300F61C50 /* CoreMedia.framework */,
				C328FBB11CC96A0300F61C50 /* MessageUI.framework */,
				C328FBB21CC96A0300F61C50 /* MobileCoreServices.framework */,
				C328FBB31CC96A0300F61C50 /* SafariServices.framework */,
				C328FBB41CC96A0300F61C50 /* SystemConfiguration.framework */,
				50785C3C1CBCF2A800467F87 /* NK */,
				50785C511CBCF2A800467F87 /* NKTests */,
				50785C5C1CBCF2A800467F87 /* NKUITests */,
				50785C3B1CBCF2A800467F87 /* Products */,
				2EC6AC6D41668D4CB3D82F4F /* Pods */,
				466AF6C668CAC0197D822940 /* Frameworks */,
			);
			sourceTree = "<group>";
		};
		50785C3B1CBCF2A800467F87 /* Products */ = {
			isa = PBXGroup;
			children = (
				50785C3A1CBCF2A800467F87 /* NK.app */,
				50785C4E1CBCF2A800467F87 /* NKTests.xctest */,
				50785C591CBCF2A800467F87 /* NKUITests.xctest */,
			);
			name = Products;
			sourceTree = "<group>";
		};
		50785C3C1CBCF2A800467F87 /* NK */ = {
			isa = PBXGroup;
			children = (
				50785C6B1CBCF2D800467F87 /* New Group */,
				50785C3D1CBCF2A800467F87 /* AppDelegate.swift */,
				50785C3F1CBCF2A800467F87 /* ViewController.swift */,
				7D56A99D1CC92C43006CAAF5 /* produits.swift */,
				C3D307D31CC972E100059812 /* pay.swift */,
				7D9A25F21CC61C3300A1AC66 /* RViewController.swift */,
				C3D307CB1CC9701900059812 /* NK-Bridging-Header.h */,
				7D56A9951CC8E21E006CAAF5 /* Main.storyboard */,
				C328FB9A1CC94F5F00F61C50 /* Candy.swift */,
				C3D307CC1CC9704C00059812 /* ZZAppDelegate.h */,
				C328FBA61CC9637300F61C50 /* tunique-beryl-1-1.jpg */,
				C328FB9C1CC94F6B00F61C50 /* MasterViewController.swift */,
				C328FB9E1CC94F7700F61C50 /* DetailViewController.swift */,
				7D9A25F41CC61C5800A1AC66 /* LViewController.swift */,
				7D56A9911CC7BCDF006CAAF5 /* KViewController.swift */,
				7D3AE4BD1CC61DEE001CBFE5 /* AViewController.swift */,
				7D3AE4BE1CC61DEE001CBFE5 /* MoViewController.swift */,
				50785C441CBCF2A800467F87 /* Assets.xcassets */,
				50785C461CBCF2A800467F87 /* LaunchScreen.storyboard */,
				7D56A9971CC8EB38006CAAF5 /* MoMdpViewController.swift */,
				50785C491CBCF2A800467F87 /* Info.plist */,
			);
			path = NK;
			sourceTree = "<group>";
		};
		50785C511CBCF2A800467F87 /* NKTests */ = {
			isa = PBXGroup;
			children = (
				50785C521CBCF2A800467F87 /* NKTests.swift */,
				50785C541CBCF2A800467F87 /* Info.plist */,
			);
			path = NKTests;
			sourceTree = "<group>";
		};
		50785C5C1CBCF2A800467F87 /* NKUITests */ = {
			isa = PBXGroup;
			children = (
				50785C5D1CBCF2A800467F87 /* NKUITests.swift */,
				50785C5F1CBCF2A800467F87 /* Info.plist */,
			);
			path = NKUITests;
			sourceTree = "<group>";
		};
		50785C6B1CBCF2D800467F87 /* New Group */ = {
			isa = PBXGroup;
			children = (
				7D95D8D91CC532A600D08DB2 /* Images */,
				7D7543A01CBE31C500A3CEF4 /* accessoires */,
				7D7543A11CBE31C500A3CEF4 /* AppIcon.appiconset */,
				7D7543A21CBE31C500A3CEF4 /* bag.imageset */,
				7D7543A31CBE31C500A3CEF4 /* bas.imageset */,
				7D7543A41CBE31C500A3CEF4 /* closed.imageset */,
				7D7543A51CBE31C500A3CEF4 /* Contents.json */,
				7D7543A61CBE31C500A3CEF4 /* haut.imageset */,
				7D7543A71CBE31C500A3CEF4 /* log-in.imageset */,
				7D7543A81CBE31C500A3CEF4 /* logo-nk.imageset */,
				7D7543A91CBE31C600A3CEF4 /* pantalons */,
				7D7543AA1CBE31C600A3CEF4 /* products.imageset */,
				7D7543AB1CBE31C600A3CEF4 /* pulls-et-gilets */,
				7D7543AC1CBE31C600A3CEF4 /* robes-et-jupes */,
				7D7543AD1CBE31C600A3CEF4 /* shop.imageset */,
				7D7543AE1CBE31C600A3CEF4 /* tops-et-chemisiers */,
			);
			name = "New Group";
			sourceTree = "<group>";
		};
/* End PBXGroup section */

/* Begin PBXNativeTarget section */
		50785C391CBCF2A800467F87 /* NK */ = {
			isa = PBXNativeTarget;
			buildConfigurationList = 50785C621CBCF2A800467F87 /* Build configuration list for PBXNativeTarget "NK" */;
			buildPhases = (
				1F8F086D512F871D5643DED3 /* Check Pods Manifest.lock */,
				50785C361CBCF2A800467F87 /* Sources */,
				50785C371CBCF2A800467F87 /* Frameworks */,
				50785C381CBCF2A800467F87 /* Resources */,
				030FC49F4357B2478E332E25 /* Embed Pods Frameworks */,
				2C3B2420A392A2F1C4BBF99A /* Copy Pods Resources */,
			);
			buildRules = (
			);
			dependencies = (
			);
			name = NK;
			productName = NK;
			productReference = 50785C3A1CBCF2A800467F87 /* NK.app */;
			productType = "com.apple.product-type.application";
		};
		50785C4D1CBCF2A800467F87 /* NKTests */ = {
			isa = PBXNativeTarget;
			buildConfigurationList = 50785C651CBCF2A800467F87 /* Build configuration list for PBXNativeTarget "NKTests" */;
			buildPhases = (
				50785C4A1CBCF2A800467F87 /* Sources */,
				50785C4B1CBCF2A800467F87 /* Frameworks */,
				50785C4C1CBCF2A800467F87 /* Resources */,
			);
			buildRules = (
			);
			dependencies = (
				50785C501CBCF2A800467F87 /* PBXTargetDependency */,
			);
			name = NKTests;
			productName = NKTests;
			productReference = 50785C4E1CBCF2A800467F87 /* NKTests.xctest */;
			productType = "com.apple.product-type.bundle.unit-test";
		};
		50785C581CBCF2A800467F87 /* NKUITests */ = {
			isa = PBXNativeTarget;
			buildConfigurationList = 50785C681CBCF2A800467F87 /* Build configuration list for PBXNativeTarget "NKUITests" */;
			buildPhases = (
				50785C551CBCF2A800467F87 /* Sources */,
				50785C561CBCF2A800467F87 /* Frameworks */,
				50785C571CBCF2A800467F87 /* Resources */,
			);
			buildRules = (
			);
			dependencies = (
				50785C5B1CBCF2A800467F87 /* PBXTargetDependency */,
			);
			name = NKUITests;
			productName = NKUITests;
			productReference = 50785C591CBCF2A800467F87 /* NKUITests.xctest */;
			productType = "com.apple.product-type.bundle.ui-testing";
		};
/* End PBXNativeTarget section */

/* Begin PBXProject section */
		50785C321CBCF2A800467F87 /* Project object */ = {
			isa = PBXProject;
			attributes = {
				LastSwiftUpdateCheck = 0730;
				LastUpgradeCheck = 0730;
				ORGANIZATIONNAME = "Celine PHE";
				TargetAttributes = {
					50785C391CBCF2A800467F87 = {
						CreatedOnToolsVersion = 7.3;
					};
					50785C4D1CBCF2A800467F87 = {
						CreatedOnToolsVersion = 7.3;
						TestTargetID = 50785C391CBCF2A800467F87;
					};
					50785C581CBCF2A800467F87 = {
						CreatedOnToolsVersion = 7.3;
						TestTargetID = 50785C391CBCF2A800467F87;
					};
				};
			};
			buildConfigurationList = 50785C351CBCF2A800467F87 /* Build configuration list for PBXProject "NK" */;
			compatibilityVersion = "Xcode 3.2";
			developmentRegion = English;
			hasScannedForEncodings = 0;
			knownRegions = (
				en,
				Base,
			);
			mainGroup = 50785C311CBCF2A800467F87;
			productRefGroup = 50785C3B1CBCF2A800467F87 /* Products */;
			projectDirPath = "";
			projectRoot = "";
			targets = (
				50785C391CBCF2A800467F87 /* NK */,
				50785C4D1CBCF2A800467F87 /* NKTests */,
				50785C581CBCF2A800467F87 /* NKUITests */,
			);
		};
/* End PBXProject section */

/* Begin PBXResourcesBuildPhase section */
		50785C381CBCF2A800467F87 /* Resources */ = {
			isa = PBXResourcesBuildPhase;
			buildActionMask = 2147483647;
			files = (
				7D7543BD1CBE31C600A3CEF4 /* tops-et-chemisiers in Resources */,
				50785C481CBCF2A800467F87 /* LaunchScreen.storyboard in Resources */,
				50785C451CBCF2A800467F87 /* Assets.xcassets in Resources */,
				7D7543B61CBE31C600A3CEF4 /* log-in.imageset in Resources */,
				7D95D8DA1CC532A600D08DB2 /* Images in Resources */,
				7D7543AF1CBE31C600A3CEF4 /* accessoires in Resources */,
				7D7543B71CBE31C600A3CEF4 /* logo-nk.imageset in Resources */,
				7D7543BB1CBE31C600A3CEF4 /* robes-et-jupes in Resources */,
				7D7543B51CBE31C600A3CEF4 /* haut.imageset in Resources */,
				7D7543B01CBE31C600A3CEF4 /* AppIcon.appiconset in Resources */,
				C328FBA71CC9637300F61C50 /* tunique-beryl-1-1.jpg in Resources */,
				7D7543B41CBE31C600A3CEF4 /* Contents.json in Resources */,
				7D7543B91CBE31C600A3CEF4 /* products.imageset in Resources */,
				7D7543BA1CBE31C600A3CEF4 /* pulls-et-gilets in Resources */,
				7D7543B31CBE31C600A3CEF4 /* closed.imageset in Resources */,
				7D7543BC1CBE31C600A3CEF4 /* shop.imageset in Resources */,
				7D7543B11CBE31C600A3CEF4 /* bag.imageset in Resources */,
				7D7543B21CBE31C600A3CEF4 /* bas.imageset in Resources */,
				7D56A9961CC8E21E006CAAF5 /* Main.storyboard in Resources */,
				7D7543B81CBE31C600A3CEF4 /* pantalons in Resources */,
			);
			runOnlyForDeploymentPostprocessing = 0;
		};
		50785C4C1CBCF2A800467F87 /* Resources */ = {
			isa = PBXResourcesBuildPhase;
			buildActionMask = 2147483647;
			files = (
			);
			runOnlyForDeploymentPostprocessing = 0;
		};
		50785C571CBCF2A800467F87 /* Resources */ = {
			isa = PBXResourcesBuildPhase;
			buildActionMask = 2147483647;
			files = (
			);
			runOnlyForDeploymentPostprocessing = 0;
		};
/* End PBXResourcesBuildPhase section */

/* Begin PBXShellScriptBuildPhase section */
		030FC49F4357B2478E332E25 /* Embed Pods Frameworks */ = {
			isa = PBXShellScriptBuildPhase;
			buildActionMask = 2147483647;
			files = (
			);
			inputPaths = (
			);
			name = "Embed Pods Frameworks";
			outputPaths = (
			);
			runOnlyForDeploymentPostprocessing = 0;
			shellPath = /bin/sh;
			shellScript = "\"${SRCROOT}/Pods/Target Support Files/Pods-NK/Pods-NK-frameworks.sh\"\n";
			showEnvVarsInLog = 0;
		};
		1F8F086D512F871D5643DED3 /* Check Pods Manifest.lock */ = {
			isa = PBXShellScriptBuildPhase;
			buildActionMask = 2147483647;
			files = (
			);
			inputPaths = (
			);
			name = "Check Pods Manifest.lock";
			outputPaths = (
			);
			runOnlyForDeploymentPostprocessing = 0;
			shellPath = /bin/sh;
			shellScript = "diff \"${PODS_ROOT}/../Podfile.lock\" \"${PODS_ROOT}/Manifest.lock\" > /dev/null\nif [[ $? != 0 ]] ; then\n    cat << EOM\nerror: The sandbox is not in sync with the Podfile.lock. Run 'pod install' or update your CocoaPods installation.\nEOM\n    exit 1\nfi\n";
			showEnvVarsInLog = 0;
		};
		2C3B2420A392A2F1C4BBF99A /* Copy Pods Resources */ = {
			isa = PBXShellScriptBuildPhase;
			buildActionMask = 2147483647;
			files = (
			);
			inputPaths = (
			);
			name = "Copy Pods Resources";
			outputPaths = (
			);
			runOnlyForDeploymentPostprocessing = 0;
			shellPath = /bin/sh;
			shellScript = "\"${SRCROOT}/Pods/Target Support Files/Pods-NK/Pods-NK-resources.sh\"\n";
			showEnvVarsInLog = 0;
		};
/* End PBXShellScriptBuildPhase section */

/* Begin PBXSourcesBuildPhase section */
		50785C361CBCF2A800467F87 /* Sources */ = {
			isa = PBXSourcesBuildPhase;
			buildActionMask = 2147483647;
			files = (
				7D3AE4C01CC61DEE001CBFE5 /* MoViewController.swift in Sources */,
				C328FB9B1CC94F5F00F61C50 /* Candy.swift in Sources */,
				50785C401CBCF2A800467F87 /* ViewController.swift in Sources */,
				C328FB9F1CC94F7700F61C50 /* DetailViewController.swift in Sources */,
				7D9A25F31CC61C3300A1AC66 /* RViewController.swift in Sources */,
				7D56A9921CC7BCDF006CAAF5 /* KViewController.swift in Sources */,
				50785C3E1CBCF2A800467F87 /* AppDelegate.swift in Sources */,
				7D56A99E1CC92C43006CAAF5 /* produits.swift in Sources */,
				7D56A9981CC8EB38006CAAF5 /* MoMdpViewController.swift in Sources */,
				C328FB9D1CC94F6B00F61C50 /* MasterViewController.swift in Sources */,
				7D9A25F51CC61C5800A1AC66 /* LViewController.swift in Sources */,
				C3D307D41CC972E200059812 /* pay.swift in Sources */,
				7D3AE4BF1CC61DEE001CBFE5 /* AViewController.swift in Sources */,
			);
			runOnlyForDeploymentPostprocessing = 0;
		};
		50785C4A1CBCF2A800467F87 /* Sources */ = {
			isa = PBXSourcesBuildPhase;
			buildActionMask = 2147483647;
			files = (
				50785C531CBCF2A800467F87 /* NKTests.swift in Sources */,
			);
			runOnlyForDeploymentPostprocessing = 0;
		};
		50785C551CBCF2A800467F87 /* Sources */ = {
			isa = PBXSourcesBuildPhase;
			buildActionMask = 2147483647;
			files = (
				50785C5E1CBCF2A800467F87 /* NKUITests.swift in Sources */,
			);
			runOnlyForDeploymentPostprocessing = 0;
		};
/* End PBXSourcesBuildPhase section */

/* Begin PBXTargetDependency section */
		50785C501CBCF2A800467F87 /* PBXTargetDependency */ = {
			isa = PBXTargetDependency;
			target = 50785C391CBCF2A800467F87 /* NK */;
			targetProxy = 50785C4F1CBCF2A800467F87 /* PBXContainerItemProxy */;
		};
		50785C5B1CBCF2A800467F87 /* PBXTargetDependency */ = {
			isa = PBXTargetDependency;
			target = 50785C391CBCF2A800467F87 /* NK */;
			targetProxy = 50785C5A1CBCF2A800467F87 /* PBXContainerItemProxy */;
		};
/* End PBXTargetDependency section */

/* Begin PBXVariantGroup section */
		50785C461CBCF2A800467F87 /* LaunchScreen.storyboard */ = {
			isa = PBXVariantGroup;
			children = (
				50785C471CBCF2A800467F87 /* Base */,
			);
			name = LaunchScreen.storyboard;
			sourceTree = "<group>";
		};
/* End PBXVariantGroup section */

/* Begin XCBuildConfiguration section */
		50785C601CBCF2A800467F87 /* Debug */ = {
			isa = XCBuildConfiguration;
			buildSettings = {
				ALWAYS_SEARCH_USER_PATHS = NO;
				CLANG_ANALYZER_NONNULL = YES;
				CLANG_CXX_LANGUAGE_STANDARD = "gnu++0x";
				CLANG_CXX_LIBRARY = "libc++";
				CLANG_ENABLE_MODULES = YES;
				CLANG_ENABLE_OBJC_ARC = YES;
				CLANG_WARN_BOOL_CONVERSION = YES;
				CLANG_WARN_CONSTANT_CONVERSION = YES;
				CLANG_WARN_DIRECT_OBJC_ISA_USAGE = YES_ERROR;
				CLANG_WARN_EMPTY_BODY = YES;
				CLANG_WARN_ENUM_CONVERSION = YES;
				CLANG_WARN_INT_CONVERSION = YES;
				CLANG_WARN_OBJC_ROOT_CLASS = YES_ERROR;
				CLANG_WARN_UNREACHABLE_CODE = YES;
				CLANG_WARN__DUPLICATE_METHOD_MATCH = YES;
				"CODE_SIGN_IDENTITY[sdk=iphoneos*]" = "iPhone Developer";
				COPY_PHASE_STRIP = NO;
				DEBUG_INFORMATION_FORMAT = dwarf;
				ENABLE_STRICT_OBJC_MSGSEND = YES;
				ENABLE_TESTABILITY = YES;
				GCC_C_LANGUAGE_STANDARD = gnu99;
				GCC_DYNAMIC_NO_PIC = NO;
				GCC_NO_COMMON_BLOCKS = YES;
				GCC_OPTIMIZATION_LEVEL = 0;
				GCC_PREPROCESSOR_DEFINITIONS = (
					"DEBUG=1",
					"$(inherited)",
				);
				GCC_WARN_64_TO_32_BIT_CONVERSION = YES;
				GCC_WARN_ABOUT_RETURN_TYPE = YES_ERROR;
				GCC_WARN_UNDECLARED_SELECTOR = YES;
				GCC_WARN_UNINITIALIZED_AUTOS = YES_AGGRESSIVE;
				GCC_WARN_UNUSED_FUNCTION = YES;
				GCC_WARN_UNUSED_VARIABLE = YES;
				IPHONEOS_DEPLOYMENT_TARGET = 9.3;
				MTL_ENABLE_DEBUG_INFO = YES;
				ONLY_ACTIVE_ARCH = YES;
				SDKROOT = iphoneos;
				SWIFT_OPTIMIZATION_LEVEL = "-Onone";
				TARGETED_DEVICE_FAMILY = "1,2";
			};
			name = Debug;
		};
		50785C611CBCF2A800467F87 /* Release */ = {
			isa = XCBuildConfiguration;
			buildSettings = {
				ALWAYS_SEARCH_USER_PATHS = NO;
				CLANG_ANALYZER_NONNULL = YES;
				CLANG_CXX_LANGUAGE_STANDARD = "gnu++0x";
				CLANG_CXX_LIBRARY = "libc++";
				CLANG_ENABLE_MODULES = YES;
				CLANG_ENABLE_OBJC_ARC = YES;
				CLANG_WARN_BOOL_CONVERSION = YES;
				CLANG_WARN_CONSTANT_CONVERSION = YES;
				CLANG_WARN_DIRECT_OBJC_ISA_USAGE = YES_ERROR;
				CLANG_WARN_EMPTY_BODY = YES;
				CLANG_WARN_ENUM_CONVERSION = YES;
				CLANG_WARN_INT_CONVERSION = YES;
				CLANG_WARN_OBJC_ROOT_CLASS = YES_ERROR;
				CLANG_WARN_UNREACHABLE_CODE = YES;
				CLANG_WARN__DUPLICATE_METHOD_MATCH = YES;
				"CODE_SIGN_IDENTITY[sdk=iphoneos*]" = "iPhone Developer";
				COPY_PHASE_STRIP = NO;
				DEBUG_INFORMATION_FORMAT = "dwarf-with-dsym";
				ENABLE_NS_ASSERTIONS = NO;
				ENABLE_STRICT_OBJC_MSGSEND = YES;
				GCC_C_LANGUAGE_STANDARD = gnu99;
				GCC_NO_COMMON_BLOCKS = YES;
				GCC_WARN_64_TO_32_BIT_CONVERSION = YES;
				GCC_WARN_ABOUT_RETURN_TYPE = YES_ERROR;
				GCC_WARN_UNDECLARED_SELECTOR = YES;
				GCC_WARN_UNINITIALIZED_AUTOS = YES_AGGRESSIVE;
				GCC_WARN_UNUSED_FUNCTION = YES;
				GCC_WARN_UNUSED_VARIABLE = YES;
				IPHONEOS_DEPLOYMENT_TARGET = 9.3;
				MTL_ENABLE_DEBUG_INFO = NO;
				SDKROOT = iphoneos;
				TARGETED_DEVICE_FAMILY = "1,2";
				VALIDATE_PRODUCT = YES;
			};
			name = Release;
		};
		50785C631CBCF2A800467F87 /* Debug */ = {
			isa = XCBuildConfiguration;
			baseConfigurationReference = EC73BFCEC44C791025768950 /* Pods-NK.debug.xcconfig */;
			buildSettings = {
				ASSETCATALOG_COMPILER_APPICON_NAME = AppIcon;
				CLANG_ENABLE_MODULES = YES;
				INFOPLIST_FILE = NK/Info.plist;
				LD_RUNPATH_SEARCH_PATHS = "$(inherited) @executable_path/Frameworks";
				PRODUCT_BUNDLE_IDENTIFIER = Celine.NK;
				PRODUCT_NAME = "$(TARGET_NAME)";
				SWIFT_OBJC_BRIDGING_HEADER = "NK/NK-Bridging-Header.h";
				SWIFT_OPTIMIZATION_LEVEL = "-Onone";
			};
			name = Debug;
		};
		50785C641CBCF2A800467F87 /* Release */ = {
			isa = XCBuildConfiguration;
			baseConfigurationReference = F30420AC6AC02C45F19F818D /* Pods-NK.release.xcconfig */;
			buildSettings = {
				ASSETCATALOG_COMPILER_APPICON_NAME = AppIcon;
				CLANG_ENABLE_MODULES = YES;
				INFOPLIST_FILE = NK/Info.plist;
				LD_RUNPATH_SEARCH_PATHS = "$(inherited) @executable_path/Frameworks";
				PRODUCT_BUNDLE_IDENTIFIER = Celine.NK;
				PRODUCT_NAME = "$(TARGET_NAME)";
				SWIFT_OBJC_BRIDGING_HEADER = "NK/NK-Bridging-Header.h";
			};
			name = Release;
		};
		50785C661CBCF2A800467F87 /* Debug */ = {
			isa = XCBuildConfiguration;
			buildSettings = {
				BUNDLE_LOADER = "$(TEST_HOST)";
				INFOPLIST_FILE = NKTests/Info.plist;
				LD_RUNPATH_SEARCH_PATHS = "$(inherited) @executable_path/Frameworks @loader_path/Frameworks";
				PRODUCT_BUNDLE_IDENTIFIER = Celine.NKTests;
				PRODUCT_NAME = "$(TARGET_NAME)";
				TEST_HOST = "$(BUILT_PRODUCTS_DIR)/NK.app/NK";
			};
			name = Debug;
		};
		50785C671CBCF2A800467F87 /* Release */ = {
			isa = XCBuildConfiguration;
			buildSettings = {
				BUNDLE_LOADER = "$(TEST_HOST)";
				INFOPLIST_FILE = NKTests/Info.plist;
				LD_RUNPATH_SEARCH_PATHS = "$(inherited) @executable_path/Frameworks @loader_path/Frameworks";
				PRODUCT_BUNDLE_IDENTIFIER = Celine.NKTests;
				PRODUCT_NAME = "$(TARGET_NAME)";
				TEST_HOST = "$(BUILT_PRODUCTS_DIR)/NK.app/NK";
			};
			name = Release;
		};
		50785C691CBCF2A800467F87 /* Debug */ = {
			isa = XCBuildConfiguration;
			buildSettings = {
				INFOPLIST_FILE = NKUITests/Info.plist;
				LD_RUNPATH_SEARCH_PATHS = "$(inherited) @executable_path/Frameworks @loader_path/Frameworks";
				PRODUCT_BUNDLE_IDENTIFIER = Celine.NKUITests;
				PRODUCT_NAME = "$(TARGET_NAME)";
				TEST_TARGET_NAME = NK;
			};
			name = Debug;
		};
		50785C6A1CBCF2A800467F87 /* Release */ = {
			isa = XCBuildConfiguration;
			buildSettings = {
				INFOPLIST_FILE = NKUITests/Info.plist;
				LD_RUNPATH_SEARCH_PATHS = "$(inherited) @executable_path/Frameworks @loader_path/Frameworks";
				PRODUCT_BUNDLE_IDENTIFIER = Celine.NKUITests;
				PRODUCT_NAME = "$(TARGET_NAME)";
				TEST_TARGET_NAME = NK;
			};
			name = Release;
		};
/* End XCBuildConfiguration section */

/* Begin XCConfigurationList section */
		50785C351CBCF2A800467F87 /* Build configuration list for PBXProject "NK" */ = {
			isa = XCConfigurationList;
			buildConfigurations = (
				50785C601CBCF2A800467F87 /* Debug */,
				50785C611CBCF2A800467F87 /* Release */,
			);
			defaultConfigurationIsVisible = 0;
			defaultConfigurationName = Release;
		};
		50785C621CBCF2A800467F87 /* Build configuration list for PBXNativeTarget "NK" */ = {
			isa = XCConfigurationList;
			buildConfigurations = (
				50785C631CBCF2A800467F87 /* Debug */,
				50785C641CBCF2A800467F87 /* Release */,
			);
			defaultConfigurationIsVisible = 0;
			defaultConfigurationName = Release;
		};
		50785C651CBCF2A800467F87 /* Build configuration list for PBXNativeTarget "NKTests" */ = {
			isa = XCConfigurationList;
			buildConfigurations = (
				50785C661CBCF2A800467F87 /* Debug */,
				50785C671CBCF2A800467F87 /* Release */,
			);
			defaultConfigurationIsVisible = 0;
			defaultConfigurationName = Release;
		};
		50785C681CBCF2A800467F87 /* Build configuration list for PBXNativeTarget "NKUITests" */ = {
			isa = XCConfigurationList;
			buildConfigurations = (
				50785C691CBCF2A800467F87 /* Debug */,
				50785C6A1CBCF2A800467F87 /* Release */,
			);
			defaultConfigurationIsVisible = 0;
			defaultConfigurationName = Release;
		};
/* End XCConfigurationList section */
	};
	rootObject = 50785C321CBCF2A800467F87 /* Project object */;
}
